
Microsoft Visual Studio Solution File, Format Version 12.00
# Visual Studio Version 17
VisualStudioVersion = 17.9.34728.123
MinimumVisualStudioVersion = 10.0.40219.1
Project("{FAE04EC0-301F-11D3-BF4B-00C04F79EFBC}") = "ATM_MySQL", "ATM_MySQL\ATM_MySQL.csproj", "{C5EBF621-85DD-4546-BADE-B7AC821501CF}"
EndProject
Global
	GlobalSection(SolutionConfigurationPlatforms) = preSolution
		Debug|Any CPU = Debug|Any CPU
		Release|Any CPU = Release|Any CPU
	EndGlobalSection
	GlobalSection(ProjectConfigurationPlatforms) = postSolution
		{C5EBF621-85DD-4546-BADE-B7AC821501CF}.Debug|Any CPU.ActiveCfg = Debug|Any CPU
		{C5EBF621-85DD-4546-BADE-B7AC821501CF}.Debug|Any CPU.Build.0 = Debug|Any CPU
		{C5EBF621-85DD-4546-BADE-B7AC821501CF}.Release|Any CPU.ActiveCfg = Release|Any CPU
		{C5EBF621-85DD-4546-BADE-B7AC821501CF}.Release|Any CPU.Build.0 = Release|Any CPU
	EndGlobalSection
	GlobalSection(SolutionProperties) = preSolution
		HideSolutionNode = FALSE
	EndGlobalSection
	GlobalSection(ExtensibilityGlobals) = postSolution
		SolutionGuid = {704C74BF-F5E2-4716-A80D-9E6F65A977C9}
	EndGlobalSection
EndGlobal
